// !$*UTF8*$!
{
	archiveVersion = 1;
	classes = {
	};
	objectVersion = 56;
	objects = {

/* Begin PBXBuildFile section */
		A0513F0F2BE661B4008FC862 /* IShowShopApp.swift in Sources */ = {isa = PBXBuildFile; fileRef = A0513F0E2BE661B4008FC862 /* IShowShopApp.swift */; };
		A0513F112BE661B4008FC862 /* ContentView.swift in Sources */ = {isa = PBXBuildFile; fileRef = A0513F102BE661B4008FC862 /* ContentView.swift */; };
		A0513F132BE661B7008FC862 /* Assets.xcassets in Resources */ = {isa = PBXBuildFile; fileRef = A0513F122BE661B7008FC862 /* Assets.xcassets */; };
		A0513F162BE661B7008FC862 /* Preview Assets.xcassets in Resources */ = {isa = PBXBuildFile; fileRef = A0513F152BE661B7008FC862 /* Preview Assets.xcassets */; };
		A0513F242BE66FE1008FC862 /* TabBarView.swift in Sources */ = {isa = PBXBuildFile; fileRef = A0513F232BE66FE1008FC862 /* TabBarView.swift */; };
		A0513F262BE67476008FC862 /* Constant.swift in Sources */ = {isa = PBXBuildFile; fileRef = A0513F252BE67476008FC862 /* Constant.swift */; };
		A0513F2B2BE68374008FC862 /* ProfileView.swift in Sources */ = {isa = PBXBuildFile; fileRef = A0513F2A2BE68374008FC862 /* ProfileView.swift */; };
		A0B697852BE7115200DE30A6 /* CircularProfileImageView.swift in Sources */ = {isa = PBXBuildFile; fileRef = A0B697842BE7115200DE30A6 /* CircularProfileImageView.swift */; };
		A0B6978A2BE71BDB00DE30A6 /* TransactionHistoryCell.swift in Sources */ = {isa = PBXBuildFile; fileRef = A0B697892BE71BDB00DE30A6 /* TransactionHistoryCell.swift */; };
		A0B6978C2BE72C6200DE30A6 /* WalletView.swift in Sources */ = {isa = PBXBuildFile; fileRef = A0B6978B2BE72C6200DE30A6 /* WalletView.swift */; };
		A0B697912BE72DCE00DE30A6 /* SearchView.swift in Sources */ = {isa = PBXBuildFile; fileRef = A0B697902BE72DCE00DE30A6 /* SearchView.swift */; };
		A0B697952BE72F0D00DE30A6 /* CategoryFilter.swift in Sources */ = {isa = PBXBuildFile; fileRef = A0B697942BE72F0D00DE30A6 /* CategoryFilter.swift */; };
		A0B697972BE7324200DE30A6 /* SearchBarView.swift in Sources */ = {isa = PBXBuildFile; fileRef = A0B697962BE7324200DE30A6 /* SearchBarView.swift */; };
		A0B697992BE7364B00DE30A6 /* SearchContentListView.swift in Sources */ = {isa = PBXBuildFile; fileRef = A0B697982BE7364B00DE30A6 /* SearchContentListView.swift */; };
		A0B6979E2BE73B9200DE30A6 /* HomeView.swift in Sources */ = {isa = PBXBuildFile; fileRef = A0B6979D2BE73B9200DE30A6 /* HomeView.swift */; };
		A0B697A02BE73EF000DE30A6 /* PromoView.swift in Sources */ = {isa = PBXBuildFile; fileRef = A0B6979F2BE73EF000DE30A6 /* PromoView.swift */; };
/* End PBXBuildFile section */

/* Begin PBXFileReference section */
		A0513F0B2BE661B4008FC862 /* IShowShop.app */ = {isa = PBXFileReference; explicitFileType = wrapper.application; includeInIndex = 0; path = IShowShop.app; sourceTree = BUILT_PRODUCTS_DIR; };
		A0513F0E2BE661B4008FC862 /* IShowShopApp.swift */ = {isa = PBXFileReference; lastKnownFileType = sourcecode.swift; path = IShowShopApp.swift; sourceTree = "<group>"; };
		A0513F102BE661B4008FC862 /* ContentView.swift */ = {isa = PBXFileReference; lastKnownFileType = sourcecode.swift; path = ContentView.swift; sourceTree = "<group>"; };
		A0513F122BE661B7008FC862 /* Assets.xcassets */ = {isa = PBXFileReference; lastKnownFileType = folder.assetcatalog; path = Assets.xcassets; sourceTree = "<group>"; };
		A0513F152BE661B7008FC862 /* Preview Assets.xcassets */ = {isa = PBXFileReference; lastKnownFileType = folder.assetcatalog; path = "Preview Assets.xcassets"; sourceTree = "<group>"; };
		A0513F232BE66FE1008FC862 /* TabBarView.swift */ = {isa = PBXFileReference; lastKnownFileType = sourcecode.swift; path = TabBarView.swift; sourceTree = "<group>"; };
		A0513F252BE67476008FC862 /* Constant.swift */ = {isa = PBXFileReference; lastKnownFileType = sourcecode.swift; path = Constant.swift; sourceTree = "<group>"; };
		A0513F2A2BE68374008FC862 /* ProfileView.swift */ = {isa = PBXFileReference; lastKnownFileType = sourcecode.swift; path = ProfileView.swift; sourceTree = "<group>"; };
		A0B697842BE7115200DE30A6 /* CircularProfileImageView.swift */ = {isa = PBXFileReference; lastKnownFileType = sourcecode.swift; path = CircularProfileImageView.swift; sourceTree = "<group>"; };
		A0B697892BE71BDB00DE30A6 /* TransactionHistoryCell.swift */ = {isa = PBXFileReference; lastKnownFileType = sourcecode.swift; path = TransactionHistoryCell.swift; sourceTree = "<group>"; };
		A0B6978B2BE72C6200DE30A6 /* WalletView.swift */ = {isa = PBXFileReference; lastKnownFileType = sourcecode.swift; path = WalletView.swift; sourceTree = "<group>"; };
		A0B697902BE72DCE00DE30A6 /* SearchView.swift */ = {isa = PBXFileReference; lastKnownFileType = sourcecode.swift; path = SearchView.swift; sourceTree = "<group>"; };
		A0B697942BE72F0D00DE30A6 /* CategoryFilter.swift */ = {isa = PBXFileReference; lastKnownFileType = sourcecode.swift; path = CategoryFilter.swift; sourceTree = "<group>"; };
		A0B697962BE7324200DE30A6 /* SearchBarView.swift */ = {isa = PBXFileReference; lastKnownFileType = sourcecode.swift; path = SearchBarView.swift; sourceTree = "<group>"; };
		A0B697982BE7364B00DE30A6 /* SearchContentListView.swift */ = {isa = PBXFileReference; lastKnownFileType = sourcecode.swift; path = SearchContentListView.swift; sourceTree = "<group>"; };
		A0B6979D2BE73B9200DE30A6 /* HomeView.swift */ = {isa = PBXFileReference; lastKnownFileType = sourcecode.swift; path = HomeView.swift; sourceTree = "<group>"; };
		A0B6979F2BE73EF000DE30A6 /* PromoView.swift */ = {isa = PBXFileReference; lastKnownFileType = sourcecode.swift; path = PromoView.swift; sourceTree = "<group>"; };
/* End PBXFileReference section */

/* Begin PBXFrameworksBuildPhase section */
		A0513F082BE661B4008FC862 /* Frameworks */ = {
			isa = PBXFrameworksBuildPhase;
			buildActionMask = 2147483647;
			files = (
			);
			runOnlyForDeploymentPostprocessing = 0;
		};
/* End PBXFrameworksBuildPhase section */

/* Begin PBXGroup section */
		A0513F022BE661B4008FC862 = {
			isa = PBXGroup;
			children = (
				A0513F0D2BE661B4008FC862 /* IShowShop */,
				A0513F0C2BE661B4008FC862 /* Products */,
			);
			sourceTree = "<group>";
		};
		A0513F0C2BE661B4008FC862 /* Products */ = {
			isa = PBXGroup;
			children = (
				A0513F0B2BE661B4008FC862 /* IShowShop.app */,
			);
			name = Products;
			sourceTree = "<group>";
		};
		A0513F0D2BE661B4008FC862 /* IShowShop */ = {
			isa = PBXGroup;
			children = (
				A0513F1C2BE6645E008FC862 /* App */,
				A0B697832BE70FC400DE30A6 /* Component */,
				A0513F202BE66477008FC862 /* Core */,
				A0513F1F2BE66471008FC862 /* Extensions */,
				A0513F212BE6647C008FC862 /* Model */,
				A0513F1E2BE66467008FC862 /* Services */,
				A0513F1D2BE66462008FC862 /* Utils */,
				A0513F122BE661B7008FC862 /* Assets.xcassets */,
				A0513F142BE661B7008FC862 /* Preview Content */,
			);
			path = IShowShop;
			sourceTree = "<group>";
		};
		A0513F142BE661B7008FC862 /* Preview Content */ = {
			isa = PBXGroup;
			children = (
				A0513F152BE661B7008FC862 /* Preview Assets.xcassets */,
			);
			path = "Preview Content";
			sourceTree = "<group>";
		};
		A0513F1C2BE6645E008FC862 /* App */ = {
			isa = PBXGroup;
			children = (
				A0513F0E2BE661B4008FC862 /* IShowShopApp.swift */,
			);
			path = App;
			sourceTree = "<group>";
		};
		A0513F1D2BE66462008FC862 /* Utils */ = {
			isa = PBXGroup;
			children = (
				A0513F252BE67476008FC862 /* Constant.swift */,
			);
			path = Utils;
			sourceTree = "<group>";
		};
		A0513F1E2BE66467008FC862 /* Services */ = {
			isa = PBXGroup;
			children = (
			);
			path = Services;
			sourceTree = "<group>";
		};
		A0513F1F2BE66471008FC862 /* Extensions */ = {
			isa = PBXGroup;
			children = (
			);
			path = Extensions;
			sourceTree = "<group>";
		};
		A0513F202BE66477008FC862 /* Core */ = {
			isa = PBXGroup;
			children = (
				A0B6979A2BE73B7F00DE30A6 /* Home */,
				A0513F272BE68364008FC862 /* Profile */,
				A0B697882BE71B9D00DE30A6 /* Root */,
				A0B6978D2BE72DB600DE30A6 /* Search */,
				A0513F222BE66FD5008FC862 /* TabBar */,
			);
			path = Core;
			sourceTree = "<group>";
		};
		A0513F212BE6647C008FC862 /* Model */ = {
			isa = PBXGroup;
			children = (
				A0B697942BE72F0D00DE30A6 /* CategoryFilter.swift */,
			);
			path = Model;
			sourceTree = "<group>";
		};
		A0513F222BE66FD5008FC862 /* TabBar */ = {
			isa = PBXGroup;
			children = (
				A0513F232BE66FE1008FC862 /* TabBarView.swift */,
			);
			path = TabBar;
			sourceTree = "<group>";
		};
		A0513F272BE68364008FC862 /* Profile */ = {
			isa = PBXGroup;
			children = (
				A0513F282BE68367008FC862 /* View */,
				A0513F292BE68369008FC862 /* ViewModel */,
			);
			path = Profile;
			sourceTree = "<group>";
		};
		A0513F282BE68367008FC862 /* View */ = {
			isa = PBXGroup;
			children = (
				A0513F2A2BE68374008FC862 /* ProfileView.swift */,
			);
			path = View;
			sourceTree = "<group>";
		};
		A0513F292BE68369008FC862 /* ViewModel */ = {
			isa = PBXGroup;
			children = (
			);
			path = ViewModel;
			sourceTree = "<group>";
		};
		A0B697832BE70FC400DE30A6 /* Component */ = {
			isa = PBXGroup;
			children = (
				A0B697842BE7115200DE30A6 /* CircularProfileImageView.swift */,
				A0B697892BE71BDB00DE30A6 /* TransactionHistoryCell.swift */,
				A0B6978B2BE72C6200DE30A6 /* WalletView.swift */,
				A0B697962BE7324200DE30A6 /* SearchBarView.swift */,
				A0B6979F2BE73EF000DE30A6 /* PromoView.swift */,
			);
			path = Component;
			sourceTree = "<group>";
		};
		A0B697882BE71B9D00DE30A6 /* Root */ = {
			isa = PBXGroup;
			children = (
				A0513F102BE661B4008FC862 /* ContentView.swift */,
			);
			path = Root;
			sourceTree = "<group>";
		};
		A0B6978D2BE72DB600DE30A6 /* Search */ = {
			isa = PBXGroup;
			children = (
				A0B697922BE72E6700DE30A6 /* Component */,
				A0B6978E2BE72DC000DE30A6 /* View */,
				A0B6978F2BE72DC300DE30A6 /* ViewModel */,
			);
			path = Search;
			sourceTree = "<group>";
		};
		A0B6978E2BE72DC000DE30A6 /* View */ = {
			isa = PBXGroup;
			children = (
				A0B697902BE72DCE00DE30A6 /* SearchView.swift */,
			);
			path = View;
			sourceTree = "<group>";
		};
		A0B6978F2BE72DC300DE30A6 /* ViewModel */ = {
			isa = PBXGroup;
			children = (
			);
			path = ViewModel;
			sourceTree = "<group>";
		};
		A0B697922BE72E6700DE30A6 /* Component */ = {
			isa = PBXGroup;
			children = (
				A0B697982BE7364B00DE30A6 /* SearchContentListView.swift */,
			);
			path = Component;
			sourceTree = "<group>";
		};
		A0B6979A2BE73B7F00DE30A6 /* Home */ = {
			isa = PBXGroup;
			children = (
				A0B6979B2BE73B8200DE30A6 /* View */,
				A0B6979C2BE73B8800DE30A6 /* ViewModel */,
			);
			path = Home;
			sourceTree = "<group>";
		};
		A0B6979B2BE73B8200DE30A6 /* View */ = {
			isa = PBXGroup;
			children = (
				A0B6979D2BE73B9200DE30A6 /* HomeView.swift */,
			);
			path = View;
			sourceTree = "<group>";
		};
		A0B6979C2BE73B8800DE30A6 /* ViewModel */ = {
			isa = PBXGroup;
			children = (
			);
			path = ViewModel;
			sourceTree = "<group>";
		};
/* End PBXGroup section */

/* Begin PBXNativeTarget section */
		A0513F0A2BE661B4008FC862 /* IShowShop */ = {
			isa = PBXNativeTarget;
			buildConfigurationList = A0513F192BE661B7008FC862 /* Build configuration list for PBXNativeTarget "IShowShop" */;
			buildPhases = (
				A0513F072BE661B4008FC862 /* Sources */,
				A0513F082BE661B4008FC862 /* Frameworks */,
				A0513F092BE661B4008FC862 /* Resources */,
			);
			buildRules = (
			);
			dependencies = (
			);
			name = IShowShop;
			productName = IShowShop;
			productReference = A0513F0B2BE661B4008FC862 /* IShowShop.app */;
			productType = "com.apple.product-type.application";
		};
/* End PBXNativeTarget section */

/* Begin PBXProject section */
		A0513F032BE661B4008FC862 /* Project object */ = {
			isa = PBXProject;
			attributes = {
				BuildIndependentTargetsInParallel = 1;
				LastSwiftUpdateCheck = 1530;
				LastUpgradeCheck = 1530;
				TargetAttributes = {
					A0513F0A2BE661B4008FC862 = {
						CreatedOnToolsVersion = 15.3;
					};
				};
			};
			buildConfigurationList = A0513F062BE661B4008FC862 /* Build configuration list for PBXProject "IShowShop" */;
			compatibilityVersion = "Xcode 14.0";
			developmentRegion = en;
			hasScannedForEncodings = 0;
			knownRegions = (
				en,
				Base,
			);
			mainGroup = A0513F022BE661B4008FC862;
			productRefGroup = A0513F0C2BE661B4008FC862 /* Products */;
			projectDirPath = "";
			projectRoot = "";
			targets = (
				A0513F0A2BE661B4008FC862 /* IShowShop */,
			);
		};
/* End PBXProject section */

/* Begin PBXResourcesBuildPhase section */
		A0513F092BE661B4008FC862 /* Resources */ = {
			isa = PBXResourcesBuildPhase;
			buildActionMask = 2147483647;
			files = (
				A0513F162BE661B7008FC862 /* Preview Assets.xcassets in Resources */,
				A0513F132BE661B7008FC862 /* Assets.xcassets in Resources */,
			);
			runOnlyForDeploymentPostprocessing = 0;
		};
/* End PBXResourcesBuildPhase section */

/* Begin PBXSourcesBuildPhase section */
		A0513F072BE661B4008FC862 /* Sources */ = {
			isa = PBXSourcesBuildPhase;
			buildActionMask = 2147483647;
			files = (
				A0B697A02BE73EF000DE30A6 /* PromoView.swift in Sources */,
				A0513F112BE661B4008FC862 /* ContentView.swift in Sources */,
				A0B697952BE72F0D00DE30A6 /* CategoryFilter.swift in Sources */,
				A0B6979E2BE73B9200DE30A6 /* HomeView.swift in Sources */,
				A0B697912BE72DCE00DE30A6 /* SearchView.swift in Sources */,
				A0B6978A2BE71BDB00DE30A6 /* TransactionHistoryCell.swift in Sources */,
				A0B697852BE7115200DE30A6 /* CircularProfileImageView.swift in Sources */,
				A0513F242BE66FE1008FC862 /* TabBarView.swift in Sources */,
				A0513F2B2BE68374008FC862 /* ProfileView.swift in Sources */,
				A0B697972BE7324200DE30A6 /* SearchBarView.swift in Sources */,
				A0513F0F2BE661B4008FC862 /* IShowShopApp.swift in Sources */,
				A0513F262BE67476008FC862 /* Constant.swift in Sources */,
				A0B697992BE7364B00DE30A6 /* SearchContentListView.swift in Sources */,
				A0B6978C2BE72C6200DE30A6 /* WalletView.swift in Sources */,
			);
			runOnlyForDeploymentPostprocessing = 0;
		};
/* End PBXSourcesBuildPhase section */

/* Begin XCBuildConfiguration section */
		A0513F172BE661B7008FC862 /* Debug */ = {
			isa = XCBuildConfiguration;
			buildSettings = {
				ALWAYS_SEARCH_USER_PATHS = NO;
				ASSETCATALOG_COMPILER_GENERATE_SWIFT_ASSET_SYMBOL_EXTENSIONS = YES;
				CLANG_ANALYZER_NONNULL = YES;
				CLANG_ANALYZER_NUMBER_OBJECT_CONVERSION = YES_AGGRESSIVE;
				CLANG_CXX_LANGUAGE_STANDARD = "gnu++20";
				CLANG_ENABLE_MODULES = YES;
				CLANG_ENABLE_OBJC_ARC = YES;
				CLANG_ENABLE_OBJC_WEAK = YES;
				CLANG_WARN_BLOCK_CAPTURE_AUTORELEASING = YES;
				CLANG_WARN_BOOL_CONVERSION = YES;
				CLANG_WARN_COMMA = YES;
				CLANG_WARN_CONSTANT_CONVERSION = YES;
				CLANG_WARN_DEPRECATED_OBJC_IMPLEMENTATIONS = YES;
				CLANG_WARN_DIRECT_OBJC_ISA_USAGE = YES_ERROR;
				CLANG_WARN_DOCUMENTATION_COMMENTS = YES;
				CLANG_WARN_EMPTY_BODY = YES;
				CLANG_WARN_ENUM_CONVERSION = YES;
				CLANG_WARN_INFINITE_RECURSION = YES;
				CLANG_WARN_INT_CONVERSION = YES;
				CLANG_WARN_NON_LITERAL_NULL_CONVERSION = YES;
				CLANG_WARN_OBJC_IMPLICIT_RETAIN_SELF = YES;
				CLANG_WARN_OBJC_LITERAL_CONVERSION = YES;
				CLANG_WARN_OBJC_ROOT_CLASS = YES_ERROR;
				CLANG_WARN_QUOTED_INCLUDE_IN_FRAMEWORK_HEADER = YES;
				CLANG_WARN_RANGE_LOOP_ANALYSIS = YES;
				CLANG_WARN_STRICT_PROTOTYPES = YES;
				CLANG_WARN_SUSPICIOUS_MOVE = YES;
				CLANG_WARN_UNGUARDED_AVAILABILITY = YES_AGGRESSIVE;
				CLANG_WARN_UNREACHABLE_CODE = YES;
				CLANG_WARN__DUPLICATE_METHOD_MATCH = YES;
				COPY_PHASE_STRIP = NO;
				DEBUG_INFORMATION_FORMAT = dwarf;
				ENABLE_STRICT_OBJC_MSGSEND = YES;
				ENABLE_TESTABILITY = YES;
				ENABLE_USER_SCRIPT_SANDBOXING = YES;
				GCC_C_LANGUAGE_STANDARD = gnu17;
				GCC_DYNAMIC_NO_PIC = NO;
				GCC_NO_COMMON_BLOCKS = YES;
				GCC_OPTIMIZATION_LEVEL = 0;
				GCC_PREPROCESSOR_DEFINITIONS = (
					"DEBUG=1",
					"$(inherited)",
				);
				GCC_WARN_64_TO_32_BIT_CONVERSION = YES;
				GCC_WARN_ABOUT_RETURN_TYPE = YES_ERROR;
				GCC_WARN_UNDECLARED_SELECTOR = YES;
				GCC_WARN_UNINITIALIZED_AUTOS = YES_AGGRESSIVE;
				GCC_WARN_UNUSED_FUNCTION = YES;
				GCC_WARN_UNUSED_VARIABLE = YES;
				IPHONEOS_DEPLOYMENT_TARGET = 17.4;
				LOCALIZATION_PREFERS_STRING_CATALOGS = YES;
				MTL_ENABLE_DEBUG_INFO = INCLUDE_SOURCE;
				MTL_FAST_MATH = YES;
				ONLY_ACTIVE_ARCH = YES;
				SDKROOT = iphoneos;
				SWIFT_ACTIVE_COMPILATION_CONDITIONS = "DEBUG $(inherited)";
				SWIFT_OPTIMIZATION_LEVEL = "-Onone";
			};
			name = Debug;
		};
		A0513F182BE661B7008FC862 /* Release */ = {
			isa = XCBuildConfiguration;
			buildSettings = {
				ALWAYS_SEARCH_USER_PATHS = NO;
				ASSETCATALOG_COMPILER_GENERATE_SWIFT_ASSET_SYMBOL_EXTENSIONS = YES;
				CLANG_ANALYZER_NONNULL = YES;
				CLANG_ANALYZER_NUMBER_OBJECT_CONVERSION = YES_AGGRESSIVE;
				CLANG_CXX_LANGUAGE_STANDARD = "gnu++20";
				CLANG_ENABLE_MODULES = YES;
				CLANG_ENABLE_OBJC_ARC = YES;
				CLANG_ENABLE_OBJC_WEAK = YES;
				CLANG_WARN_BLOCK_CAPTURE_AUTORELEASING = YES;
				CLANG_WARN_BOOL_CONVERSION = YES;
				CLANG_WARN_COMMA = YES;
				CLANG_WARN_CONSTANT_CONVERSION = YES;
				CLANG_WARN_DEPRECATED_OBJC_IMPLEMENTATIONS = YES;
				CLANG_WARN_DIRECT_OBJC_ISA_USAGE = YES_ERROR;
				CLANG_WARN_DOCUMENTATION_COMMENTS = YES;
				CLANG_WARN_EMPTY_BODY = YES;
				CLANG_WARN_ENUM_CONVERSION = YES;
				CLANG_WARN_INFINITE_RECURSION = YES;
				CLANG_WARN_INT_CONVERSION = YES;
				CLANG_WARN_NON_LITERAL_NULL_CONVERSION = YES;
				CLANG_WARN_OBJC_IMPLICIT_RETAIN_SELF = YES;
				CLANG_WARN_OBJC_LITERAL_CONVERSION = YES;
				CLANG_WARN_OBJC_ROOT_CLASS = YES_ERROR;
				CLANG_WARN_QUOTED_INCLUDE_IN_FRAMEWORK_HEADER = YES;
				CLANG_WARN_RANGE_LOOP_ANALYSIS = YES;
				CLANG_WARN_STRICT_PROTOTYPES = YES;
				CLANG_WARN_SUSPICIOUS_MOVE = YES;
				CLANG_WARN_UNGUARDED_AVAILABILITY = YES_AGGRESSIVE;
				CLANG_WARN_UNREACHABLE_CODE = YES;
				CLANG_WARN__DUPLICATE_METHOD_MATCH = YES;
				COPY_PHASE_STRIP = NO;
				DEBUG_INFORMATION_FORMAT = "dwarf-with-dsym";
				ENABLE_NS_ASSERTIONS = NO;
				ENABLE_STRICT_OBJC_MSGSEND = YES;
				ENABLE_USER_SCRIPT_SANDBOXING = YES;
				GCC_C_LANGUAGE_STANDARD = gnu17;
				GCC_NO_COMMON_BLOCKS = YES;
				GCC_WARN_64_TO_32_BIT_CONVERSION = YES;
				GCC_WARN_ABOUT_RETURN_TYPE = YES_ERROR;
				GCC_WARN_UNDECLARED_SELECTOR = YES;
				GCC_WARN_UNINITIALIZED_AUTOS = YES_AGGRESSIVE;
				GCC_WARN_UNUSED_FUNCTION = YES;
				GCC_WARN_UNUSED_VARIABLE = YES;
				IPHONEOS_DEPLOYMENT_TARGET = 17.4;
				LOCALIZATION_PREFERS_STRING_CATALOGS = YES;
				MTL_ENABLE_DEBUG_INFO = NO;
				MTL_FAST_MATH = YES;
				SDKROOT = iphoneos;
				SWIFT_COMPILATION_MODE = wholemodule;
				VALIDATE_PRODUCT = YES;
			};
			name = Release;
		};
		A0513F1A2BE661B7008FC862 /* Debug */ = {
			isa = XCBuildConfiguration;
			buildSettings = {
				ASSETCATALOG_COMPILER_APPICON_NAME = AppIcon;
				ASSETCATALOG_COMPILER_GLOBAL_ACCENT_COLOR_NAME = AccentColor;
				CODE_SIGN_STYLE = Automatic;
				CURRENT_PROJECT_VERSION = 1;
				DEVELOPMENT_ASSET_PATHS = "\"IShowShop/Preview Content\"";
				DEVELOPMENT_TEAM = H268PUBW7D;
				ENABLE_PREVIEWS = YES;
				GENERATE_INFOPLIST_FILE = YES;
				INFOPLIST_KEY_UIApplicationSceneManifest_Generation = YES;
				INFOPLIST_KEY_UIApplicationSupportsIndirectInputEvents = YES;
				INFOPLIST_KEY_UILaunchScreen_Generation = YES;
				INFOPLIST_KEY_UISupportedInterfaceOrientations_iPad = "UIInterfaceOrientationPortrait UIInterfaceOrientationPortraitUpsideDown UIInterfaceOrientationLandscapeLeft UIInterfaceOrientationLandscapeRight";
				INFOPLIST_KEY_UISupportedInterfaceOrientations_iPhone = "UIInterfaceOrientationPortrait UIInterfaceOrientationLandscapeLeft UIInterfaceOrientationLandscapeRight";
				LD_RUNPATH_SEARCH_PATHS = (
					"$(inherited)",
					"@executable_path/Frameworks",
				);
				MARKETING_VERSION = 1.0;
				PRODUCT_BUNDLE_IDENTIFIER = com.abed.IShowShop;
				PRODUCT_NAME = "$(TARGET_NAME)";
				SWIFT_EMIT_LOC_STRINGS = YES;
				SWIFT_VERSION = 5.0;
				TARGETED_DEVICE_FAMILY = "1,2";
			};
			name = Debug;
		};
		A0513F1B2BE661B7008FC862 /* Release */ = {
			isa = XCBuildConfiguration;
			buildSettings = {
				ASSETCATALOG_COMPILER_APPICON_NAME = AppIcon;
				ASSETCATALOG_COMPILER_GLOBAL_ACCENT_COLOR_NAME = AccentColor;
				CODE_SIGN_STYLE = Automatic;
				CURRENT_PROJECT_VERSION = 1;
				DEVELOPMENT_ASSET_PATHS = "\"IShowShop/Preview Content\"";
				DEVELOPMENT_TEAM = H268PUBW7D;
				ENABLE_PREVIEWS = YES;
				GENERATE_INFOPLIST_FILE = YES;
				INFOPLIST_KEY_UIApplicationSceneManifest_Generation = YES;
				INFOPLIST_KEY_UIApplicationSupportsIndirectInputEvents = YES;
				INFOPLIST_KEY_UILaunchScreen_Generation = YES;
				INFOPLIST_KEY_UISupportedInterfaceOrientations_iPad = "UIInterfaceOrientationPortrait UIInterfaceOrientationPortraitUpsideDown UIInterfaceOrientationLandscapeLeft UIInterfaceOrientationLandscapeRight";
				INFOPLIST_KEY_UISupportedInterfaceOrientations_iPhone = "UIInterfaceOrientationPortrait UIInterfaceOrientationLandscapeLeft UIInterfaceOrientationLandscapeRight";
				LD_RUNPATH_SEARCH_PATHS = (
					"$(inherited)",
					"@executable_path/Frameworks",
				);
				MARKETING_VERSION = 1.0;
				PRODUCT_BUNDLE_IDENTIFIER = com.abed.IShowShop;
				PRODUCT_NAME = "$(TARGET_NAME)";
				SWIFT_EMIT_LOC_STRINGS = YES;
				SWIFT_VERSION = 5.0;
				TARGETED_DEVICE_FAMILY = "1,2";
			};
			name = Release;
		};
/* End XCBuildConfiguration section */

/* Begin XCConfigurationList section */
		A0513F062BE661B4008FC862 /* Build configuration list for PBXProject "IShowShop" */ = {
			isa = XCConfigurationList;
			buildConfigurations = (
				A0513F172BE661B7008FC862 /* Debug */,
				A0513F182BE661B7008FC862 /* Release */,
			);
			defaultConfigurationIsVisible = 0;
			defaultConfigurationName = Release;
		};
		A0513F192BE661B7008FC862 /* Build configuration list for PBXNativeTarget "IShowShop" */ = {
			isa = XCConfigurationList;
			buildConfigurations = (
				A0513F1A2BE661B7008FC862 /* Debug */,
				A0513F1B2BE661B7008FC862 /* Release */,
			);
			defaultConfigurationIsVisible = 0;
			defaultConfigurationName = Release;
		};
/* End XCConfigurationList section */
	};
	rootObject = A0513F032BE661B4008FC862 /* Project object */;
}
